dependencies:
- name: redis
  repository: file://../redis
  version: 0.0.1-0
- name: greetings
  repository: file://../greetings
  version: 0.0.1-0
- name: cppod
  repository: file://../cppod
  version: 0.0.1-0
digest: sha256:f8eadcae1b24b84511d9b6d2ca85e431ef06ed3fda8c11718135b2a7c5391d87
generated: "2024-05-08T11:15:45.9238851Z"
