dependencies:
- name: redis
  repository: file://../redis
  version: 0.0.1-0
- name: greetings
  repository: file://../greetings
  version: 0.0.1-0
- name: cppod
  repository: file://../cppod
  version: 0.0.1-0
- name: jpod
  repository: file://../jpod
  version: 0.0.1-0
digest: sha256:8dabadf8350bbcf7991136b9b10544ae692586d97d3a3f0d95e37f43da30508b
generated: "2024-05-15T07:58:21.161662328Z"
